
Microsoft Visual Studio Solution File, Format Version 12.00
# Visual Studio Version 17
VisualStudioVersion = 17.7.34024.191
MinimumVisualStudioVersion = 10.0.40219.1
Project("{FAE04EC0-301F-11D3-BF4B-00C04F79EFBC}") = "AspNetCoreWebAPI", "AspNetCoreWebAPI.csproj", "{50C2792F-F4F7-4BC6-A6B5-C99E86DB94F9}"
EndProject
Global
	GlobalSection(SolutionConfigurationPlatforms) = preSolution
		Debug|Any CPU = Debug|Any CPU
		Release|Any CPU = Release|Any CPU
	EndGlobalSection
	GlobalSection(ProjectConfigurationPlatforms) = postSolution
		{50C2792F-F4F7-4BC6-A6B5-C99E86DB94F9}.Debug|Any CPU.ActiveCfg = Debug|Any CPU
		{50C2792F-F4F7-4BC6-A6B5-C99E86DB94F9}.Debug|Any CPU.Build.0 = Debug|Any CPU
		{50C2792F-F4F7-4BC6-A6B5-C99E86DB94F9}.Release|Any CPU.ActiveCfg = Release|Any CPU
		{50C2792F-F4F7-4BC6-A6B5-C99E86DB94F9}.Release|Any CPU.Build.0 = Release|Any CPU
	EndGlobalSection
	GlobalSection(SolutionProperties) = preSolution
		HideSolutionNode = FALSE
	EndGlobalSection
	GlobalSection(ExtensibilityGlobals) = postSolution
		SolutionGuid = {6CF2DD1D-BE37-4A3A-92FE-8203714EA303}
	EndGlobalSection
EndGlobal
